// !$*UTF8*$!
{
	archiveVersion = 1;
	classes = {
	};
	objectVersion = 50;
	objects = {

/* Begin PBXBuildFile section */
		F0161A882466D218002692DC /* Coordinator.swift in Sources */ = {isa = PBXBuildFile; fileRef = F0161A872466D218002692DC /* Coordinator.swift */; };
		F0161A8A2466D256002692DC /* AppCoordinator.swift in Sources */ = {isa = PBXBuildFile; fileRef = F0161A892466D256002692DC /* AppCoordinator.swift */; };
		F0161A8C2466D437002692DC /* AlarmCoordinator.swift in Sources */ = {isa = PBXBuildFile; fileRef = F0161A8B2466D437002692DC /* AlarmCoordinator.swift */; };
		F0161A8E24670AA0002692DC /* BindableUIDatePicker.swift in Sources */ = {isa = PBXBuildFile; fileRef = F0161A8D24670AA0002692DC /* BindableUIDatePicker.swift */; };
		F01BC26E24683FCB0092740B /* NotificationScheduler.swift in Sources */ = {isa = PBXBuildFile; fileRef = F01BC26D24683FCB0092740B /* NotificationScheduler.swift */; };
		F01BC270246840CA0092740B /* AudioPlayer.swift in Sources */ = {isa = PBXBuildFile; fileRef = F01BC26F246840CA0092740B /* AudioPlayer.swift */; };
		F078336D246862510034BD92 /* AudioRecorder.swift in Sources */ = {isa = PBXBuildFile; fileRef = F078336C246862510034BD92 /* AudioRecorder.swift */; };
		F0CC70A0246940AC00CCB52A /* TaskScheduler.swift in Sources */ = {isa = PBXBuildFile; fileRef = F0CC709F246940AC00CCB52A /* TaskScheduler.swift */; };
		F0CC70A22469769C00CCB52A /* AlarmSettings.swift in Sources */ = {isa = PBXBuildFile; fileRef = F0CC70A12469769C00CCB52A /* AlarmSettings.swift */; };
		F0CC70A4246976BC00CCB52A /* SleepTime.swift in Sources */ = {isa = PBXBuildFile; fileRef = F0CC70A3246976BC00CCB52A /* SleepTime.swift */; };
		F0CC70A62469B3F200CCB52A /* TimerFormatter.swift in Sources */ = {isa = PBXBuildFile; fileRef = F0CC70A52469B3F200CCB52A /* TimerFormatter.swift */; };
		F0EA6A9824669D9800B652FC /* PickerController.swift in Sources */ = {isa = PBXBuildFile; fileRef = F0EA6A9724669D9800B652FC /* PickerController.swift */; };
		F0EA6A9C2466AAD700B652FC /* Observable.swift in Sources */ = {isa = PBXBuildFile; fileRef = F0EA6A9B2466AAD700B652FC /* Observable.swift */; };
		F0EA6A9E2466AB2300B652FC /* AlarmViewController.swift in Sources */ = {isa = PBXBuildFile; fileRef = F0EA6A9D2466AB2300B652FC /* AlarmViewController.swift */; };
		F0EA6AA12466B05400B652FC /* AlarmViewModel.swift in Sources */ = {isa = PBXBuildFile; fileRef = F0EA6AA02466B05400B652FC /* AlarmViewModel.swift */; };
		F0EA6AA62466B8F200B652FC /* PickerViewModel.swift in Sources */ = {isa = PBXBuildFile; fileRef = F0EA6AA52466B8F200B652FC /* PickerViewModel.swift */; };
		F0EA6AA82466BC3000B652FC /* PickerCoordinator.swift in Sources */ = {isa = PBXBuildFile; fileRef = F0EA6AA72466BC3000B652FC /* PickerCoordinator.swift */; };
		F0F3EA2024642B1D00947305 /* AppDelegate.swift in Sources */ = {isa = PBXBuildFile; fileRef = F0F3EA1F24642B1D00947305 /* AppDelegate.swift */; };
		F0F3EA2724642B1D00947305 /* Main.storyboard in Resources */ = {isa = PBXBuildFile; fileRef = F0F3EA2524642B1D00947305 /* Main.storyboard */; };
		F0F3EA2924642B2200947305 /* Assets.xcassets in Resources */ = {isa = PBXBuildFile; fileRef = F0F3EA2824642B2200947305 /* Assets.xcassets */; };
		F0F3EA2C24642B2200947305 /* LaunchScreen.storyboard in Resources */ = {isa = PBXBuildFile; fileRef = F0F3EA2A24642B2200947305 /* LaunchScreen.storyboard */; };
		F0F3EA3724642B2200947305 /* AlarmTests.swift in Sources */ = {isa = PBXBuildFile; fileRef = F0F3EA3624642B2200947305 /* AlarmTests.swift */; };
		F0F3EA47246549CC00947305 /* AudioManager.swift in Sources */ = {isa = PBXBuildFile; fileRef = F0F3EA46246549CC00947305 /* AudioManager.swift */; };
		F0F3EA4A2465588F00947305 /* alarm.m4a in Resources */ = {isa = PBXBuildFile; fileRef = F0F3EA482465588E00947305 /* alarm.m4a */; };
		F0F3EA4B2465588F00947305 /* nature.m4a in Resources */ = {isa = PBXBuildFile; fileRef = F0F3EA492465588F00947305 /* nature.m4a */; };
		F0F3EA4D24655B9000947305 /* ParameterTableCell.swift in Sources */ = {isa = PBXBuildFile; fileRef = F0F3EA4C24655B9000947305 /* ParameterTableCell.swift */; };
/* End PBXBuildFile section */

/* Begin PBXContainerItemProxy section */
		F0F3EA3324642B2200947305 /* PBXContainerItemProxy */ = {
			isa = PBXContainerItemProxy;
			containerPortal = F0F3EA1424642B1D00947305 /* Project object */;
			proxyType = 1;
			remoteGlobalIDString = F0F3EA1B24642B1D00947305;
			remoteInfo = MiniPlanner2D;
		};
/* End PBXContainerItemProxy section */

/* Begin PBXFileReference section */
		F0161A872466D218002692DC /* Coordinator.swift */ = {isa = PBXFileReference; lastKnownFileType = sourcecode.swift; path = Coordinator.swift; sourceTree = "<group>"; };
		F0161A892466D256002692DC /* AppCoordinator.swift */ = {isa = PBXFileReference; lastKnownFileType = sourcecode.swift; path = AppCoordinator.swift; sourceTree = "<group>"; };
		F0161A8B2466D437002692DC /* AlarmCoordinator.swift */ = {isa = PBXFileReference; lastKnownFileType = sourcecode.swift; path = AlarmCoordinator.swift; sourceTree = "<group>"; };
		F0161A8D24670AA0002692DC /* BindableUIDatePicker.swift */ = {isa = PBXFileReference; lastKnownFileType = sourcecode.swift; path = BindableUIDatePicker.swift; sourceTree = "<group>"; };
		F01BC26D24683FCB0092740B /* NotificationScheduler.swift */ = {isa = PBXFileReference; lastKnownFileType = sourcecode.swift; path = NotificationScheduler.swift; sourceTree = "<group>"; };
		F01BC26F246840CA0092740B /* AudioPlayer.swift */ = {isa = PBXFileReference; lastKnownFileType = sourcecode.swift; path = AudioPlayer.swift; sourceTree = "<group>"; };
		F078336C246862510034BD92 /* AudioRecorder.swift */ = {isa = PBXFileReference; lastKnownFileType = sourcecode.swift; path = AudioRecorder.swift; sourceTree = "<group>"; };
		F0CC709F246940AC00CCB52A /* TaskScheduler.swift */ = {isa = PBXFileReference; lastKnownFileType = sourcecode.swift; path = TaskScheduler.swift; sourceTree = "<group>"; };
		F0CC70A12469769C00CCB52A /* AlarmSettings.swift */ = {isa = PBXFileReference; lastKnownFileType = sourcecode.swift; path = AlarmSettings.swift; sourceTree = "<group>"; };
		F0CC70A3246976BC00CCB52A /* SleepTime.swift */ = {isa = PBXFileReference; lastKnownFileType = sourcecode.swift; path = SleepTime.swift; sourceTree = "<group>"; };
		F0CC70A52469B3F200CCB52A /* TimerFormatter.swift */ = {isa = PBXFileReference; lastKnownFileType = sourcecode.swift; path = TimerFormatter.swift; sourceTree = "<group>"; };
		F0EA6A9724669D9800B652FC /* PickerController.swift */ = {isa = PBXFileReference; lastKnownFileType = sourcecode.swift; path = PickerController.swift; sourceTree = "<group>"; };
		F0EA6A9B2466AAD700B652FC /* Observable.swift */ = {isa = PBXFileReference; lastKnownFileType = sourcecode.swift; path = Observable.swift; sourceTree = "<group>"; };
		F0EA6A9D2466AB2300B652FC /* AlarmViewController.swift */ = {isa = PBXFileReference; lastKnownFileType = sourcecode.swift; path = AlarmViewController.swift; sourceTree = "<group>"; };
		F0EA6AA02466B05400B652FC /* AlarmViewModel.swift */ = {isa = PBXFileReference; lastKnownFileType = sourcecode.swift; path = AlarmViewModel.swift; sourceTree = "<group>"; };
		F0EA6AA52466B8F200B652FC /* PickerViewModel.swift */ = {isa = PBXFileReference; lastKnownFileType = sourcecode.swift; path = PickerViewModel.swift; sourceTree = "<group>"; };
		F0EA6AA72466BC3000B652FC /* PickerCoordinator.swift */ = {isa = PBXFileReference; lastKnownFileType = sourcecode.swift; path = PickerCoordinator.swift; sourceTree = "<group>"; };
		F0F3EA1C24642B1D00947305 /* Alarm.app */ = {isa = PBXFileReference; explicitFileType = wrapper.application; includeInIndex = 0; path = Alarm.app; sourceTree = BUILT_PRODUCTS_DIR; };
		F0F3EA1F24642B1D00947305 /* AppDelegate.swift */ = {isa = PBXFileReference; lastKnownFileType = sourcecode.swift; path = AppDelegate.swift; sourceTree = "<group>"; };
		F0F3EA2624642B1D00947305 /* Base */ = {isa = PBXFileReference; lastKnownFileType = file.storyboard; name = Base; path = Base.lproj/Main.storyboard; sourceTree = "<group>"; };
		F0F3EA2824642B2200947305 /* Assets.xcassets */ = {isa = PBXFileReference; lastKnownFileType = folder.assetcatalog; path = Assets.xcassets; sourceTree = "<group>"; };
		F0F3EA2B24642B2200947305 /* Base */ = {isa = PBXFileReference; lastKnownFileType = file.storyboard; name = Base; path = Base.lproj/LaunchScreen.storyboard; sourceTree = "<group>"; };
		F0F3EA2D24642B2200947305 /* Info.plist */ = {isa = PBXFileReference; lastKnownFileType = text.plist.xml; path = Info.plist; sourceTree = "<group>"; };
		F0F3EA3224642B2200947305 /* AlarmTests.xctest */ = {isa = PBXFileReference; explicitFileType = wrapper.cfbundle; includeInIndex = 0; path = AlarmTests.xctest; sourceTree = BUILT_PRODUCTS_DIR; };
		F0F3EA3624642B2200947305 /* AlarmTests.swift */ = {isa = PBXFileReference; lastKnownFileType = sourcecode.swift; path = AlarmTests.swift; sourceTree = "<group>"; };
		F0F3EA3824642B2200947305 /* Info.plist */ = {isa = PBXFileReference; lastKnownFileType = text.plist.xml; path = Info.plist; sourceTree = "<group>"; };
		F0F3EA46246549CC00947305 /* AudioManager.swift */ = {isa = PBXFileReference; lastKnownFileType = sourcecode.swift; path = AudioManager.swift; sourceTree = "<group>"; };
		F0F3EA482465588E00947305 /* alarm.m4a */ = {isa = PBXFileReference; lastKnownFileType = file; path = alarm.m4a; sourceTree = "<group>"; };
		F0F3EA492465588F00947305 /* nature.m4a */ = {isa = PBXFileReference; lastKnownFileType = file; path = nature.m4a; sourceTree = "<group>"; };
		F0F3EA4C24655B9000947305 /* ParameterTableCell.swift */ = {isa = PBXFileReference; lastKnownFileType = sourcecode.swift; path = ParameterTableCell.swift; sourceTree = "<group>"; };
/* End PBXFileReference section */

/* Begin PBXFrameworksBuildPhase section */
		F0F3EA1924642B1D00947305 /* Frameworks */ = {
			isa = PBXFrameworksBuildPhase;
			buildActionMask = 2147483647;
			files = (
			);
			runOnlyForDeploymentPostprocessing = 0;
		};
		F0F3EA2F24642B2200947305 /* Frameworks */ = {
			isa = PBXFrameworksBuildPhase;
			buildActionMask = 2147483647;
			files = (
			);
			runOnlyForDeploymentPostprocessing = 0;
		};
/* End PBXFrameworksBuildPhase section */

/* Begin PBXGroup section */
		F0161A862466D211002692DC /* Base */ = {
			isa = PBXGroup;
			children = (
				F0161A872466D218002692DC /* Coordinator.swift */,
				F0161A892466D256002692DC /* AppCoordinator.swift */,
			);
			path = Base;
			sourceTree = "<group>";
		};
		F071F41F246826DE0007F6E8 /* App */ = {
			isa = PBXGroup;
			children = (
				F0F3EA2524642B1D00947305 /* Main.storyboard */,
				F0161A862466D211002692DC /* Base */,
				F0EA6AA42466B8D900B652FC /* Picker */,
				F0EA6A9F2466B04800B652FC /* Alarm */,
			);
			path = App;
			sourceTree = "<group>";
		};
		F071F420246826E70007F6E8 /* Services */ = {
			isa = PBXGroup;
			children = (
				F0F3EA46246549CC00947305 /* AudioManager.swift */,
				F0CC70A3246976BC00CCB52A /* SleepTime.swift */,
				F01BC26D24683FCB0092740B /* NotificationScheduler.swift */,
				F01BC26F246840CA0092740B /* AudioPlayer.swift */,
				F078336C246862510034BD92 /* AudioRecorder.swift */,
				F0CC709F246940AC00CCB52A /* TaskScheduler.swift */,
			);
			path = Services;
			sourceTree = "<group>";
		};
		F0CC70A72469B5D800CCB52A /* Resources */ = {
			isa = PBXGroup;
			children = (
				F0F3EA482465588E00947305 /* alarm.m4a */,
				F0F3EA492465588F00947305 /* nature.m4a */,
			);
			path = Resources;
			sourceTree = "<group>";
		};
		F0CC70A82469B5E400CCB52A /* Views */ = {
			isa = PBXGroup;
			children = (
				F0161A8D24670AA0002692DC /* BindableUIDatePicker.swift */,
			);
			path = Views;
			sourceTree = "<group>";
		};
		F0CC70A92469B5F400CCB52A /* Cells */ = {
			isa = PBXGroup;
			children = (
				F0F3EA4C24655B9000947305 /* ParameterTableCell.swift */,
			);
			path = Cells;
			sourceTree = "<group>";
		};
		F0CC70AB2469B61200CCB52A /* Utils */ = {
			isa = PBXGroup;
			children = (
				F0EA6A9B2466AAD700B652FC /* Observable.swift */,
				F0CC70A52469B3F200CCB52A /* TimerFormatter.swift */,
			);
			path = Utils;
			sourceTree = "<group>";
		};
		F0CC70AC2469B66900CCB52A /* Models */ = {
			isa = PBXGroup;
			children = (
				F0CC70A12469769C00CCB52A /* AlarmSettings.swift */,
			);
			path = Models;
			sourceTree = "<group>";
		};
		F0CC70AD2469B69200CCB52A /* Supporting Files */ = {
			isa = PBXGroup;
			children = (
				F0F3EA2824642B2200947305 /* Assets.xcassets */,
				F0F3EA2A24642B2200947305 /* LaunchScreen.storyboard */,
				F0F3EA2D24642B2200947305 /* Info.plist */,
			);
			path = "Supporting Files";
			sourceTree = "<group>";
		};
		F0EA6A9F2466B04800B652FC /* Alarm */ = {
			isa = PBXGroup;
			children = (
				F0CC70A92469B5F400CCB52A /* Cells */,
				F0EA6A9D2466AB2300B652FC /* AlarmViewController.swift */,
				F0EA6AA02466B05400B652FC /* AlarmViewModel.swift */,
				F0161A8B2466D437002692DC /* AlarmCoordinator.swift */,
			);
			path = Alarm;
			sourceTree = "<group>";
		};
		F0EA6AA42466B8D900B652FC /* Picker */ = {
			isa = PBXGroup;
			children = (
				F0EA6A9724669D9800B652FC /* PickerController.swift */,
				F0EA6AA52466B8F200B652FC /* PickerViewModel.swift */,
				F0EA6AA72466BC3000B652FC /* PickerCoordinator.swift */,
			);
			path = Picker;
			sourceTree = "<group>";
		};
		F0F3EA1324642B1D00947305 = {
			isa = PBXGroup;
			children = (
				F0F3EA1E24642B1D00947305 /* Alarm */,
				F0F3EA3524642B2200947305 /* AlarmTests */,
				F0F3EA1D24642B1D00947305 /* Products */,
			);
			sourceTree = "<group>";
		};
		F0F3EA1D24642B1D00947305 /* Products */ = {
			isa = PBXGroup;
			children = (
				F0F3EA1C24642B1D00947305 /* Alarm.app */,
				F0F3EA3224642B2200947305 /* AlarmTests.xctest */,
			);
			name = Products;
			sourceTree = "<group>";
		};
		F0F3EA1E24642B1D00947305 /* Alarm */ = {
			isa = PBXGroup;
			children = (
				F071F41F246826DE0007F6E8 /* App */,
				F0CC70AC2469B66900CCB52A /* Models */,
				F0CC70A72469B5D800CCB52A /* Resources */,
				F071F420246826E70007F6E8 /* Services */,
				F0CC70AD2469B69200CCB52A /* Supporting Files */,
				F0CC70AB2469B61200CCB52A /* Utils */,
				F0CC70A82469B5E400CCB52A /* Views */,
				F0F3EA1F24642B1D00947305 /* AppDelegate.swift */,
			);
			path = Alarm;
			sourceTree = "<group>";
		};
		F0F3EA3524642B2200947305 /* AlarmTests */ = {
			isa = PBXGroup;
			children = (
				F0F3EA3624642B2200947305 /* AlarmTests.swift */,
				F0F3EA3824642B2200947305 /* Info.plist */,
			);
			path = AlarmTests;
			sourceTree = "<group>";
		};
/* End PBXGroup section */

/* Begin PBXNativeTarget section */
		F0F3EA1B24642B1D00947305 /* Alarm */ = {
			isa = PBXNativeTarget;
			buildConfigurationList = F0F3EA3B24642B2200947305 /* Build configuration list for PBXNativeTarget "Alarm" */;
			buildPhases = (
				F0F3EA1824642B1D00947305 /* Sources */,
				F0F3EA1924642B1D00947305 /* Frameworks */,
				F0F3EA1A24642B1D00947305 /* Resources */,
			);
			buildRules = (
			);
			dependencies = (
			);
			name = Alarm;
			productName = MiniPlanner2D;
			productReference = F0F3EA1C24642B1D00947305 /* Alarm.app */;
			productType = "com.apple.product-type.application";
		};
		F0F3EA3124642B2200947305 /* AlarmTests */ = {
			isa = PBXNativeTarget;
			buildConfigurationList = F0F3EA3E24642B2200947305 /* Build configuration list for PBXNativeTarget "AlarmTests" */;
			buildPhases = (
				F0F3EA2E24642B2200947305 /* Sources */,
				F0F3EA2F24642B2200947305 /* Frameworks */,
				F0F3EA3024642B2200947305 /* Resources */,
			);
			buildRules = (
			);
			dependencies = (
				F0F3EA3424642B2200947305 /* PBXTargetDependency */,
			);
			name = AlarmTests;
			productName = MiniPlanner2DTests;
			productReference = F0F3EA3224642B2200947305 /* AlarmTests.xctest */;
			productType = "com.apple.product-type.bundle.unit-test";
		};
/* End PBXNativeTarget section */

/* Begin PBXProject section */
		F0F3EA1424642B1D00947305 /* Project object */ = {
			isa = PBXProject;
			attributes = {
				LastSwiftUpdateCheck = 1130;
				LastUpgradeCheck = 1130;
				ORGANIZATIONNAME = "Roman Huti";
				TargetAttributes = {
					F0F3EA1B24642B1D00947305 = {
						CreatedOnToolsVersion = 11.3;
					};
					F0F3EA3124642B2200947305 = {
						CreatedOnToolsVersion = 11.3;
						TestTargetID = F0F3EA1B24642B1D00947305;
					};
				};
			};
			buildConfigurationList = F0F3EA1724642B1D00947305 /* Build configuration list for PBXProject "Alarm" */;
			compatibilityVersion = "Xcode 9.3";
			developmentRegion = en;
			hasScannedForEncodings = 0;
			knownRegions = (
				en,
				Base,
			);
			mainGroup = F0F3EA1324642B1D00947305;
			productRefGroup = F0F3EA1D24642B1D00947305 /* Products */;
			projectDirPath = "";
			projectRoot = "";
			targets = (
				F0F3EA1B24642B1D00947305 /* Alarm */,
				F0F3EA3124642B2200947305 /* AlarmTests */,
			);
		};
/* End PBXProject section */

/* Begin PBXResourcesBuildPhase section */
		F0F3EA1A24642B1D00947305 /* Resources */ = {
			isa = PBXResourcesBuildPhase;
			buildActionMask = 2147483647;
			files = (
				F0F3EA4B2465588F00947305 /* nature.m4a in Resources */,
				F0F3EA2C24642B2200947305 /* LaunchScreen.storyboard in Resources */,
				F0F3EA2924642B2200947305 /* Assets.xcassets in Resources */,
				F0F3EA4A2465588F00947305 /* alarm.m4a in Resources */,
				F0F3EA2724642B1D00947305 /* Main.storyboard in Resources */,
			);
			runOnlyForDeploymentPostprocessing = 0;
		};
		F0F3EA3024642B2200947305 /* Resources */ = {
			isa = PBXResourcesBuildPhase;
			buildActionMask = 2147483647;
			files = (
			);
			runOnlyForDeploymentPostprocessing = 0;
		};
/* End PBXResourcesBuildPhase section */

/* Begin PBXSourcesBuildPhase section */
		F0F3EA1824642B1D00947305 /* Sources */ = {
			isa = PBXSourcesBuildPhase;
			buildActionMask = 2147483647;
			files = (
				F0EA6A9824669D9800B652FC /* PickerController.swift in Sources */,
				F0EA6AA12466B05400B652FC /* AlarmViewModel.swift in Sources */,
				F0161A882466D218002692DC /* Coordinator.swift in Sources */,
				F0F3EA4D24655B9000947305 /* ParameterTableCell.swift in Sources */,
				F0161A8A2466D256002692DC /* AppCoordinator.swift in Sources */,
				F0CC70A0246940AC00CCB52A /* TaskScheduler.swift in Sources */,
				F0EA6A9C2466AAD700B652FC /* Observable.swift in Sources */,
				F0F3EA47246549CC00947305 /* AudioManager.swift in Sources */,
				F0161A8C2466D437002692DC /* AlarmCoordinator.swift in Sources */,
				F0CC70A62469B3F200CCB52A /* TimerFormatter.swift in Sources */,
				F0EA6AA82466BC3000B652FC /* PickerCoordinator.swift in Sources */,
				F078336D246862510034BD92 /* AudioRecorder.swift in Sources */,
				F0F3EA2024642B1D00947305 /* AppDelegate.swift in Sources */,
				F01BC26E24683FCB0092740B /* NotificationScheduler.swift in Sources */,
				F0EA6A9E2466AB2300B652FC /* AlarmViewController.swift in Sources */,
				F0CC70A22469769C00CCB52A /* AlarmSettings.swift in Sources */,
				F0CC70A4246976BC00CCB52A /* SleepTime.swift in Sources */,
				F0EA6AA62466B8F200B652FC /* PickerViewModel.swift in Sources */,
				F01BC270246840CA0092740B /* AudioPlayer.swift in Sources */,
				F0161A8E24670AA0002692DC /* BindableUIDatePicker.swift in Sources */,
			);
			runOnlyForDeploymentPostprocessing = 0;
		};
		F0F3EA2E24642B2200947305 /* Sources */ = {
			isa = PBXSourcesBuildPhase;
			buildActionMask = 2147483647;
			files = (
				F0F3EA3724642B2200947305 /* AlarmTests.swift in Sources */,
			);
			runOnlyForDeploymentPostprocessing = 0;
		};
/* End PBXSourcesBuildPhase section */

/* Begin PBXTargetDependency section */
		F0F3EA3424642B2200947305 /* PBXTargetDependency */ = {
			isa = PBXTargetDependency;
			target = F0F3EA1B24642B1D00947305 /* Alarm */;
			targetProxy = F0F3EA3324642B2200947305 /* PBXContainerItemProxy */;
		};
/* End PBXTargetDependency section */

/* Begin PBXVariantGroup section */
		F0F3EA2524642B1D00947305 /* Main.storyboard */ = {
			isa = PBXVariantGroup;
			children = (
				F0F3EA2624642B1D00947305 /* Base */,
			);
			name = Main.storyboard;
			sourceTree = "<group>";
		};
		F0F3EA2A24642B2200947305 /* LaunchScreen.storyboard */ = {
			isa = PBXVariantGroup;
			children = (
				F0F3EA2B24642B2200947305 /* Base */,
			);
			name = LaunchScreen.storyboard;
			sourceTree = "<group>";
		};
/* End PBXVariantGroup section */

/* Begin XCBuildConfiguration section */
		F0F3EA3924642B2200947305 /* Debug */ = {
			isa = XCBuildConfiguration;
			buildSettings = {
				ALWAYS_SEARCH_USER_PATHS = NO;
				CLANG_ANALYZER_NONNULL = YES;
				CLANG_ANALYZER_NUMBER_OBJECT_CONVERSION = YES_AGGRESSIVE;
				CLANG_CXX_LANGUAGE_STANDARD = "gnu++14";
				CLANG_CXX_LIBRARY = "libc++";
				CLANG_ENABLE_MODULES = YES;
				CLANG_ENABLE_OBJC_ARC = YES;
				CLANG_ENABLE_OBJC_WEAK = YES;
				CLANG_WARN_BLOCK_CAPTURE_AUTORELEASING = YES;
				CLANG_WARN_BOOL_CONVERSION = YES;
				CLANG_WARN_COMMA = YES;
				CLANG_WARN_CONSTANT_CONVERSION = YES;
				CLANG_WARN_DEPRECATED_OBJC_IMPLEMENTATIONS = YES;
				CLANG_WARN_DIRECT_OBJC_ISA_USAGE = YES_ERROR;
				CLANG_WARN_DOCUMENTATION_COMMENTS = YES;
				CLANG_WARN_EMPTY_BODY = YES;
				CLANG_WARN_ENUM_CONVERSION = YES;
				CLANG_WARN_INFINITE_RECURSION = YES;
				CLANG_WARN_INT_CONVERSION = YES;
				CLANG_WARN_NON_LITERAL_NULL_CONVERSION = YES;
				CLANG_WARN_OBJC_IMPLICIT_RETAIN_SELF = YES;
				CLANG_WARN_OBJC_LITERAL_CONVERSION = YES;
				CLANG_WARN_OBJC_ROOT_CLASS = YES_ERROR;
				CLANG_WARN_RANGE_LOOP_ANALYSIS = YES;
				CLANG_WARN_STRICT_PROTOTYPES = YES;
				CLANG_WARN_SUSPICIOUS_MOVE = YES;
				CLANG_WARN_UNGUARDED_AVAILABILITY = YES_AGGRESSIVE;
				CLANG_WARN_UNREACHABLE_CODE = YES;
				CLANG_WARN__DUPLICATE_METHOD_MATCH = YES;
				COPY_PHASE_STRIP = NO;
				DEBUG_INFORMATION_FORMAT = dwarf;
				ENABLE_STRICT_OBJC_MSGSEND = YES;
				ENABLE_TESTABILITY = YES;
				GCC_C_LANGUAGE_STANDARD = gnu11;
				GCC_DYNAMIC_NO_PIC = NO;
				GCC_NO_COMMON_BLOCKS = YES;
				GCC_OPTIMIZATION_LEVEL = 0;
				GCC_PREPROCESSOR_DEFINITIONS = (
					"DEBUG=1",
					"$(inherited)",
				);
				GCC_WARN_64_TO_32_BIT_CONVERSION = YES;
				GCC_WARN_ABOUT_RETURN_TYPE = YES_ERROR;
				GCC_WARN_UNDECLARED_SELECTOR = YES;
				GCC_WARN_UNINITIALIZED_AUTOS = YES_AGGRESSIVE;
				GCC_WARN_UNUSED_FUNCTION = YES;
				GCC_WARN_UNUSED_VARIABLE = YES;
				IPHONEOS_DEPLOYMENT_TARGET = 13.2;
				MTL_ENABLE_DEBUG_INFO = INCLUDE_SOURCE;
				MTL_FAST_MATH = YES;
				ONLY_ACTIVE_ARCH = YES;
				SDKROOT = iphoneos;
				SWIFT_ACTIVE_COMPILATION_CONDITIONS = DEBUG;
				SWIFT_OPTIMIZATION_LEVEL = "-Onone";
			};
			name = Debug;
		};
		F0F3EA3A24642B2200947305 /* Release */ = {
			isa = XCBuildConfiguration;
			buildSettings = {
				ALWAYS_SEARCH_USER_PATHS = NO;
				CLANG_ANALYZER_NONNULL = YES;
				CLANG_ANALYZER_NUMBER_OBJECT_CONVERSION = YES_AGGRESSIVE;
				CLANG_CXX_LANGUAGE_STANDARD = "gnu++14";
				CLANG_CXX_LIBRARY = "libc++";
				CLANG_ENABLE_MODULES = YES;
				CLANG_ENABLE_OBJC_ARC = YES;
				CLANG_ENABLE_OBJC_WEAK = YES;
				CLANG_WARN_BLOCK_CAPTURE_AUTORELEASING = YES;
				CLANG_WARN_BOOL_CONVERSION = YES;
				CLANG_WARN_COMMA = YES;
				CLANG_WARN_CONSTANT_CONVERSION = YES;
				CLANG_WARN_DEPRECATED_OBJC_IMPLEMENTATIONS = YES;
				CLANG_WARN_DIRECT_OBJC_ISA_USAGE = YES_ERROR;
				CLANG_WARN_DOCUMENTATION_COMMENTS = YES;
				CLANG_WARN_EMPTY_BODY = YES;
				CLANG_WARN_ENUM_CONVERSION = YES;
				CLANG_WARN_INFINITE_RECURSION = YES;
				CLANG_WARN_INT_CONVERSION = YES;
				CLANG_WARN_NON_LITERAL_NULL_CONVERSION = YES;
				CLANG_WARN_OBJC_IMPLICIT_RETAIN_SELF = YES;
				CLANG_WARN_OBJC_LITERAL_CONVERSION = YES;
				CLANG_WARN_OBJC_ROOT_CLASS = YES_ERROR;
				CLANG_WARN_RANGE_LOOP_ANALYSIS = YES;
				CLANG_WARN_STRICT_PROTOTYPES = YES;
				CLANG_WARN_SUSPICIOUS_MOVE = YES;
				CLANG_WARN_UNGUARDED_AVAILABILITY = YES_AGGRESSIVE;
				CLANG_WARN_UNREACHABLE_CODE = YES;
				CLANG_WARN__DUPLICATE_METHOD_MATCH = YES;
				COPY_PHASE_STRIP = NO;
				DEBUG_INFORMATION_FORMAT = "dwarf-with-dsym";
				ENABLE_NS_ASSERTIONS = NO;
				ENABLE_STRICT_OBJC_MSGSEND = YES;
				GCC_C_LANGUAGE_STANDARD = gnu11;
				GCC_NO_COMMON_BLOCKS = YES;
				GCC_WARN_64_TO_32_BIT_CONVERSION = YES;
				GCC_WARN_ABOUT_RETURN_TYPE = YES_ERROR;
				GCC_WARN_UNDECLARED_SELECTOR = YES;
				GCC_WARN_UNINITIALIZED_AUTOS = YES_AGGRESSIVE;
				GCC_WARN_UNUSED_FUNCTION = YES;
				GCC_WARN_UNUSED_VARIABLE = YES;
				IPHONEOS_DEPLOYMENT_TARGET = 13.2;
				MTL_ENABLE_DEBUG_INFO = NO;
				MTL_FAST_MATH = YES;
				SDKROOT = iphoneos;
				SWIFT_COMPILATION_MODE = wholemodule;
				SWIFT_OPTIMIZATION_LEVEL = "-O";
				VALIDATE_PRODUCT = YES;
			};
			name = Release;
		};
		F0F3EA3C24642B2200947305 /* Debug */ = {
			isa = XCBuildConfiguration;
			buildSettings = {
				ASSETCATALOG_COMPILER_APPICON_NAME = AppIcon;
				CODE_SIGN_STYLE = Automatic;
				DEVELOPMENT_TEAM = B5P6ZZU783;
				INFOPLIST_FILE = "$(SRCROOT)/Alarm/Supporting Files/Info.plist";
				LD_RUNPATH_SEARCH_PATHS = (
					"$(inherited)",
					"@executable_path/Frameworks",
				);
				PRODUCT_BUNDLE_IDENTIFIER = com.romanhuti.Alarm;
				PRODUCT_NAME = "$(TARGET_NAME)";
				SWIFT_VERSION = 5.0;
				TARGETED_DEVICE_FAMILY = "1,2";
			};
			name = Debug;
		};
		F0F3EA3D24642B2200947305 /* Release */ = {
			isa = XCBuildConfiguration;
			buildSettings = {
				ASSETCATALOG_COMPILER_APPICON_NAME = AppIcon;
				CODE_SIGN_STYLE = Automatic;
				DEVELOPMENT_TEAM = B5P6ZZU783;
				INFOPLIST_FILE = "$(SRCROOT)/Alarm/Supporting Files/Info.plist";
				LD_RUNPATH_SEARCH_PATHS = (
					"$(inherited)",
					"@executable_path/Frameworks",
				);
				PRODUCT_BUNDLE_IDENTIFIER = com.romanhuti.Alarm;
				PRODUCT_NAME = "$(TARGET_NAME)";
				SWIFT_VERSION = 5.0;
				TARGETED_DEVICE_FAMILY = "1,2";
			};
			name = Release;
		};
		F0F3EA3F24642B2200947305 /* Debug */ = {
			isa = XCBuildConfiguration;
			buildSettings = {
				ALWAYS_EMBED_SWIFT_STANDARD_LIBRARIES = YES;
				BUNDLE_LOADER = "$(TEST_HOST)";
				CODE_SIGN_STYLE = Automatic;
				DEVELOPMENT_TEAM = 5EWZN3DN9R;
				INFOPLIST_FILE = MiniPlanner2DTests/Info.plist;
				IPHONEOS_DEPLOYMENT_TARGET = 13.2;
				LD_RUNPATH_SEARCH_PATHS = (
					"$(inherited)",
					"@executable_path/Frameworks",
					"@loader_path/Frameworks",
				);
				PRODUCT_BUNDLE_IDENTIFIER = com.romanhuti.MiniPlanner2DTests;
				PRODUCT_NAME = "$(TARGET_NAME)";
				SWIFT_VERSION = 5.0;
				TARGETED_DEVICE_FAMILY = "1,2";
				TEST_HOST = "$(BUILT_PRODUCTS_DIR)/Alarm.app/Alarm";
			};
			name = Debug;
		};
		F0F3EA4024642B2200947305 /* Release */ = {
			isa = XCBuildConfiguration;
			buildSettings = {
				ALWAYS_EMBED_SWIFT_STANDARD_LIBRARIES = YES;
				BUNDLE_LOADER = "$(TEST_HOST)";
				CODE_SIGN_STYLE = Automatic;
				DEVELOPMENT_TEAM = 5EWZN3DN9R;
				INFOPLIST_FILE = MiniPlanner2DTests/Info.plist;
				IPHONEOS_DEPLOYMENT_TARGET = 13.2;
				LD_RUNPATH_SEARCH_PATHS = (
					"$(inherited)",
					"@executable_path/Frameworks",
					"@loader_path/Frameworks",
				);
				PRODUCT_BUNDLE_IDENTIFIER = com.romanhuti.MiniPlanner2DTests;
				PRODUCT_NAME = "$(TARGET_NAME)";
				SWIFT_VERSION = 5.0;
				TARGETED_DEVICE_FAMILY = "1,2";
				TEST_HOST = "$(BUILT_PRODUCTS_DIR)/Alarm.app/Alarm";
			};
			name = Release;
		};
/* End XCBuildConfiguration section */

/* Begin XCConfigurationList section */
		F0F3EA1724642B1D00947305 /* Build configuration list for PBXProject "Alarm" */ = {
			isa = XCConfigurationList;
			buildConfigurations = (
				F0F3EA3924642B2200947305 /* Debug */,
				F0F3EA3A24642B2200947305 /* Release */,
			);
			defaultConfigurationIsVisible = 0;
			defaultConfigurationName = Release;
		};
		F0F3EA3B24642B2200947305 /* Build configuration list for PBXNativeTarget "Alarm" */ = {
			isa = XCConfigurationList;
			buildConfigurations = (
				F0F3EA3C24642B2200947305 /* Debug */,
				F0F3EA3D24642B2200947305 /* Release */,
			);
			defaultConfigurationIsVisible = 0;
			defaultConfigurationName = Release;
		};
		F0F3EA3E24642B2200947305 /* Build configuration list for PBXNativeTarget "AlarmTests" */ = {
			isa = XCConfigurationList;
			buildConfigurations = (
				F0F3EA3F24642B2200947305 /* Debug */,
				F0F3EA4024642B2200947305 /* Release */,
			);
			defaultConfigurationIsVisible = 0;
			defaultConfigurationName = Release;
		};
/* End XCConfigurationList section */
	};
	rootObject = F0F3EA1424642B1D00947305 /* Project object */;
}
